// !$*UTF8*$!
{
	archiveVersion = 1;
	classes = {
	};
	objectVersion = 50;
	objects = {

/* Begin PBXBuildFile section */
		EB05C0E2273A4701001D0600 /* AppDelegate.swift in Sources */ = {isa = PBXBuildFile; fileRef = EB05C0E1273A4701001D0600 /* AppDelegate.swift */; };
		EB05C0E4273A4701001D0600 /* SceneDelegate.swift in Sources */ = {isa = PBXBuildFile; fileRef = EB05C0E3273A4701001D0600 /* SceneDelegate.swift */; };
		EB05C0E6273A4701001D0600 /* ViewController.swift in Sources */ = {isa = PBXBuildFile; fileRef = EB05C0E5273A4701001D0600 /* ViewController.swift */; };
		EB05C0E9273A4701001D0600 /* Main.storyboard in Resources */ = {isa = PBXBuildFile; fileRef = EB05C0E7273A4701001D0600 /* Main.storyboard */; };
		EB05C0EB273A4704001D0600 /* Assets.xcassets in Resources */ = {isa = PBXBuildFile; fileRef = EB05C0EA273A4704001D0600 /* Assets.xcassets */; };
		EB05C0EE273A4704001D0600 /* LaunchScreen.storyboard in Resources */ = {isa = PBXBuildFile; fileRef = EB05C0EC273A4704001D0600 /* LaunchScreen.storyboard */; };
		EB05C0F8273A4808001D0600 /* HeroTableViewCell.swift in Sources */ = {isa = PBXBuildFile; fileRef = EB05C0F6273A4808001D0600 /* HeroTableViewCell.swift */; };
		EB05C0F9273A4808001D0600 /* HeroTableViewCell.xib in Resources */ = {isa = PBXBuildFile; fileRef = EB05C0F7273A4808001D0600 /* HeroTableViewCell.xib */; };
		EB05C103273A4A9F001D0600 /* Hero.swift in Sources */ = {isa = PBXBuildFile; fileRef = EB05C102273A4A9F001D0600 /* Hero.swift */; };
		EB05C106273A4AB1001D0600 /* DummyHeroes.swift in Sources */ = {isa = PBXBuildFile; fileRef = EB05C105273A4AB1001D0600 /* DummyHeroes.swift */; };
		EB05C10A273A4F5F001D0600 /* DetailViewController.swift in Sources */ = {isa = PBXBuildFile; fileRef = EB05C108273A4F5F001D0600 /* DetailViewController.swift */; };
		EB05C10B273A4F5F001D0600 /* DetailViewController.xib in Resources */ = {isa = PBXBuildFile; fileRef = EB05C109273A4F5F001D0600 /* DetailViewController.xib */; };
/* End PBXBuildFile section */

/* Begin PBXFileReference section */
		EB05C0DE273A4701001D0600 /* MyHeroApp.app */ = {isa = PBXFileReference; explicitFileType = wrapper.application; includeInIndex = 0; path = MyHeroApp.app; sourceTree = BUILT_PRODUCTS_DIR; };
		EB05C0E1273A4701001D0600 /* AppDelegate.swift */ = {isa = PBXFileReference; lastKnownFileType = sourcecode.swift; path = AppDelegate.swift; sourceTree = "<group>"; };
		EB05C0E3273A4701001D0600 /* SceneDelegate.swift */ = {isa = PBXFileReference; lastKnownFileType = sourcecode.swift; path = SceneDelegate.swift; sourceTree = "<group>"; };
		EB05C0E5273A4701001D0600 /* ViewController.swift */ = {isa = PBXFileReference; lastKnownFileType = sourcecode.swift; path = ViewController.swift; sourceTree = "<group>"; };
		EB05C0E8273A4701001D0600 /* Base */ = {isa = PBXFileReference; lastKnownFileType = file.storyboard; name = Base; path = Base.lproj/Main.storyboard; sourceTree = "<group>"; };
		EB05C0EA273A4704001D0600 /* Assets.xcassets */ = {isa = PBXFileReference; lastKnownFileType = folder.assetcatalog; path = Assets.xcassets; sourceTree = "<group>"; };
		EB05C0ED273A4704001D0600 /* Base */ = {isa = PBXFileReference; lastKnownFileType = file.storyboard; name = Base; path = Base.lproj/LaunchScreen.storyboard; sourceTree = "<group>"; };
		EB05C0EF273A4704001D0600 /* Info.plist */ = {isa = PBXFileReference; lastKnownFileType = text.plist.xml; path = Info.plist; sourceTree = "<group>"; };
		EB05C0F6273A4808001D0600 /* HeroTableViewCell.swift */ = {isa = PBXFileReference; lastKnownFileType = sourcecode.swift; path = HeroTableViewCell.swift; sourceTree = "<group>"; };
		EB05C0F7273A4808001D0600 /* HeroTableViewCell.xib */ = {isa = PBXFileReference; lastKnownFileType = file.xib; path = HeroTableViewCell.xib; sourceTree = "<group>"; };
		EB05C102273A4A9F001D0600 /* Hero.swift */ = {isa = PBXFileReference; lastKnownFileType = sourcecode.swift; path = Hero.swift; sourceTree = "<group>"; };
		EB05C105273A4AB1001D0600 /* DummyHeroes.swift */ = {isa = PBXFileReference; lastKnownFileType = sourcecode.swift; path = DummyHeroes.swift; sourceTree = "<group>"; };
		EB05C108273A4F5F001D0600 /* DetailViewController.swift */ = {isa = PBXFileReference; lastKnownFileType = sourcecode.swift; path = DetailViewController.swift; sourceTree = "<group>"; };
		EB05C109273A4F5F001D0600 /* DetailViewController.xib */ = {isa = PBXFileReference; lastKnownFileType = file.xib; path = DetailViewController.xib; sourceTree = "<group>"; };
/* End PBXFileReference section */

/* Begin PBXFrameworksBuildPhase section */
		EB05C0DB273A4701001D0600 /* Frameworks */ = {
			isa = PBXFrameworksBuildPhase;
			buildActionMask = 2147483647;
			files = (
			);
			runOnlyForDeploymentPostprocessing = 0;
		};
/* End PBXFrameworksBuildPhase section */

/* Begin PBXGroup section */
		EB05C0D5273A4701001D0600 = {
			isa = PBXGroup;
			children = (
				EB05C0E0273A4701001D0600 /* MyHeroApp */,
				EB05C0DF273A4701001D0600 /* Products */,
			);
			sourceTree = "<group>";
		};
		EB05C0DF273A4701001D0600 /* Products */ = {
			isa = PBXGroup;
			children = (
				EB05C0DE273A4701001D0600 /* MyHeroApp.app */,
			);
			name = Products;
			sourceTree = "<group>";
		};
		EB05C0E0273A4701001D0600 /* MyHeroApp */ = {
			isa = PBXGroup;
			children = (
				EB05C0FE273A4A33001D0600 /* Base */,
				EB05C101273A4A64001D0600 /* Model */,
				EB05C0FB273A4A14001D0600 /* Controller */,
				EB05C100273A4A49001D0600 /* View */,
				EB05C0EA273A4704001D0600 /* Assets.xcassets */,
				EB05C0EF273A4704001D0600 /* Info.plist */,
			);
			path = MyHeroApp;
			sourceTree = "<group>";
		};
		EB05C0FB273A4A14001D0600 /* Controller */ = {
			isa = PBXGroup;
			children = (
				EB05C0E5273A4701001D0600 /* ViewController.swift */,
				EB05C0F6273A4808001D0600 /* HeroTableViewCell.swift */,
				EB05C108273A4F5F001D0600 /* DetailViewController.swift */,
			);
			path = Controller;
			sourceTree = "<group>";
		};
		EB05C0FE273A4A33001D0600 /* Base */ = {
			isa = PBXGroup;
			children = (
				EB05C0E1273A4701001D0600 /* AppDelegate.swift */,
				EB05C0E3273A4701001D0600 /* SceneDelegate.swift */,
			);
			path = Base;
			sourceTree = "<group>";
		};
		EB05C100273A4A49001D0600 /* View */ = {
			isa = PBXGroup;
			children = (
				EB05C109273A4F5F001D0600 /* DetailViewController.xib */,
				EB05C0E7273A4701001D0600 /* Main.storyboard */,
				EB05C0F7273A4808001D0600 /* HeroTableViewCell.xib */,
				EB05C0EC273A4704001D0600 /* LaunchScreen.storyboard */,
			);
			path = View;
			sourceTree = "<group>";
		};
		EB05C101273A4A64001D0600 /* Model */ = {
			isa = PBXGroup;
			children = (
				EB05C102273A4A9F001D0600 /* Hero.swift */,
				EB05C105273A4AB1001D0600 /* DummyHeroes.swift */,
			);
			path = Model;
			sourceTree = "<group>";
		};
/* End PBXGroup section */

/* Begin PBXNativeTarget section */
		EB05C0DD273A4701001D0600 /* MyHeroApp */ = {
			isa = PBXNativeTarget;
			buildConfigurationList = EB05C0F2273A4704001D0600 /* Build configuration list for PBXNativeTarget "MyHeroApp" */;
			buildPhases = (
				EB05C0DA273A4701001D0600 /* Sources */,
				EB05C0DB273A4701001D0600 /* Frameworks */,
				EB05C0DC273A4701001D0600 /* Resources */,
			);
			buildRules = (
			);
			dependencies = (
			);
			name = MyHeroApp;
			productName = MyHeroApp;
			productReference = EB05C0DE273A4701001D0600 /* MyHeroApp.app */;
			productType = "com.apple.product-type.application";
		};
/* End PBXNativeTarget section */

/* Begin PBXProject section */
		EB05C0D6273A4701001D0600 /* Project object */ = {
			isa = PBXProject;
			attributes = {
				LastSwiftUpdateCheck = 1240;
				LastUpgradeCheck = 1240;
				TargetAttributes = {
					EB05C0DD273A4701001D0600 = {
						CreatedOnToolsVersion = 12.4;
					};
				};
			};
			buildConfigurationList = EB05C0D9273A4701001D0600 /* Build configuration list for PBXProject "MyHeroApp" */;
			compatibilityVersion = "Xcode 9.3";
			developmentRegion = en;
			hasScannedForEncodings = 0;
			knownRegions = (
				en,
				Base,
			);
			mainGroup = EB05C0D5273A4701001D0600;
			productRefGroup = EB05C0DF273A4701001D0600 /* Products */;
			projectDirPath = "";
			projectRoot = "";
			targets = (
				EB05C0DD273A4701001D0600 /* MyHeroApp */,
			);
		};
/* End PBXProject section */

/* Begin PBXResourcesBuildPhase section */
		EB05C0DC273A4701001D0600 /* Resources */ = {
			isa = PBXResourcesBuildPhase;
			buildActionMask = 2147483647;
			files = (
				EB05C0EE273A4704001D0600 /* LaunchScreen.storyboard in Resources */,
				EB05C0EB273A4704001D0600 /* Assets.xcassets in Resources */,
				EB05C10B273A4F5F001D0600 /* DetailViewController.xib in Resources */,
				EB05C0E9273A4701001D0600 /* Main.storyboard in Resources */,
				EB05C0F9273A4808001D0600 /* HeroTableViewCell.xib in Resources */,
			);
			runOnlyForDeploymentPostprocessing = 0;
		};
/* End PBXResourcesBuildPhase section */

/* Begin PBXSourcesBuildPhase section */
		EB05C0DA273A4701001D0600 /* Sources */ = {
			isa = PBXSourcesBuildPhase;
			buildActionMask = 2147483647;
			files = (
				EB05C106273A4AB1001D0600 /* DummyHeroes.swift in Sources */,
				EB05C103273A4A9F001D0600 /* Hero.swift in Sources */,
				EB05C0E6273A4701001D0600 /* ViewController.swift in Sources */,
				EB05C0E2273A4701001D0600 /* AppDelegate.swift in Sources */,
				EB05C0E4273A4701001D0600 /* SceneDelegate.swift in Sources */,
				EB05C0F8273A4808001D0600 /* HeroTableViewCell.swift in Sources */,
				EB05C10A273A4F5F001D0600 /* DetailViewController.swift in Sources */,
			);
			runOnlyForDeploymentPostprocessing = 0;
		};
/* End PBXSourcesBuildPhase section */

/* Begin PBXVariantGroup section */
		EB05C0E7273A4701001D0600 /* Main.storyboard */ = {
			isa = PBXVariantGroup;
			children = (
				EB05C0E8273A4701001D0600 /* Base */,
			);
			name = Main.storyboard;
			sourceTree = "<group>";
		};
		EB05C0EC273A4704001D0600 /* LaunchScreen.storyboard */ = {
			isa = PBXVariantGroup;
			children = (
				EB05C0ED273A4704001D0600 /* Base */,
			);
			name = LaunchScreen.storyboard;
			sourceTree = "<group>";
		};
/* End PBXVariantGroup section */

/* Begin XCBuildConfiguration section */
		EB05C0F0273A4704001D0600 /* Debug */ = {
			isa = XCBuildConfiguration;
			buildSettings = {
				ALWAYS_SEARCH_USER_PATHS = NO;
				CLANG_ANALYZER_NONNULL = YES;
				CLANG_ANALYZER_NUMBER_OBJECT_CONVERSION = YES_AGGRESSIVE;
				CLANG_CXX_LANGUAGE_STANDARD = "gnu++14";
				CLANG_CXX_LIBRARY = "libc++";
				CLANG_ENABLE_MODULES = YES;
				CLANG_ENABLE_OBJC_ARC = YES;
				CLANG_ENABLE_OBJC_WEAK = YES;
				CLANG_WARN_BLOCK_CAPTURE_AUTORELEASING = YES;
				CLANG_WARN_BOOL_CONVERSION = YES;
				CLANG_WARN_COMMA = YES;
				CLANG_WARN_CONSTANT_CONVERSION = YES;
				CLANG_WARN_DEPRECATED_OBJC_IMPLEMENTATIONS = YES;
				CLANG_WARN_DIRECT_OBJC_ISA_USAGE = YES_ERROR;
				CLANG_WARN_DOCUMENTATION_COMMENTS = YES;
				CLANG_WARN_EMPTY_BODY = YES;
				CLANG_WARN_ENUM_CONVERSION = YES;
				CLANG_WARN_INFINITE_RECURSION = YES;
				CLANG_WARN_INT_CONVERSION = YES;
				CLANG_WARN_NON_LITERAL_NULL_CONVERSION = YES;
				CLANG_WARN_OBJC_IMPLICIT_RETAIN_SELF = YES;
				CLANG_WARN_OBJC_LITERAL_CONVERSION = YES;
				CLANG_WARN_OBJC_ROOT_CLASS = YES_ERROR;
				CLANG_WARN_QUOTED_INCLUDE_IN_FRAMEWORK_HEADER = YES;
				CLANG_WARN_RANGE_LOOP_ANALYSIS = YES;
				CLANG_WARN_STRICT_PROTOTYPES = YES;
				CLANG_WARN_SUSPICIOUS_MOVE = YES;
				CLANG_WARN_UNGUARDED_AVAILABILITY = YES_AGGRESSIVE;
				CLANG_WARN_UNREACHABLE_CODE = YES;
				CLANG_WARN__DUPLICATE_METHOD_MATCH = YES;
				COPY_PHASE_STRIP = NO;
				DEBUG_INFORMATION_FORMAT = dwarf;
				ENABLE_STRICT_OBJC_MSGSEND = YES;
				ENABLE_TESTABILITY = YES;
				GCC_C_LANGUAGE_STANDARD = gnu11;
				GCC_DYNAMIC_NO_PIC = NO;
				GCC_NO_COMMON_BLOCKS = YES;
				GCC_OPTIMIZATION_LEVEL = 0;
				GCC_PREPROCESSOR_DEFINITIONS = (
					"DEBUG=1",
					"$(inherited)",
				);
				GCC_WARN_64_TO_32_BIT_CONVERSION = YES;
				GCC_WARN_ABOUT_RETURN_TYPE = YES_ERROR;
				GCC_WARN_UNDECLARED_SELECTOR = YES;
				GCC_WARN_UNINITIALIZED_AUTOS = YES_AGGRESSIVE;
				GCC_WARN_UNUSED_FUNCTION = YES;
				GCC_WARN_UNUSED_VARIABLE = YES;
				IPHONEOS_DEPLOYMENT_TARGET = 14.4;
				MTL_ENABLE_DEBUG_INFO = INCLUDE_SOURCE;
				MTL_FAST_MATH = YES;
				ONLY_ACTIVE_ARCH = YES;
				SDKROOT = iphoneos;
				SWIFT_ACTIVE_COMPILATION_CONDITIONS = DEBUG;
				SWIFT_OPTIMIZATION_LEVEL = "-Onone";
			};
			name = Debug;
		};
		EB05C0F1273A4704001D0600 /* Release */ = {
			isa = XCBuildConfiguration;
			buildSettings = {
				ALWAYS_SEARCH_USER_PATHS = NO;
				CLANG_ANALYZER_NONNULL = YES;
				CLANG_ANALYZER_NUMBER_OBJECT_CONVERSION = YES_AGGRESSIVE;
				CLANG_CXX_LANGUAGE_STANDARD = "gnu++14";
				CLANG_CXX_LIBRARY = "libc++";
				CLANG_ENABLE_MODULES = YES;
				CLANG_ENABLE_OBJC_ARC = YES;
				CLANG_ENABLE_OBJC_WEAK = YES;
				CLANG_WARN_BLOCK_CAPTURE_AUTORELEASING = YES;
				CLANG_WARN_BOOL_CONVERSION = YES;
				CLANG_WARN_COMMA = YES;
				CLANG_WARN_CONSTANT_CONVERSION = YES;
				CLANG_WARN_DEPRECATED_OBJC_IMPLEMENTATIONS = YES;
				CLANG_WARN_DIRECT_OBJC_ISA_USAGE = YES_ERROR;
				CLANG_WARN_DOCUMENTATION_COMMENTS = YES;
				CLANG_WARN_EMPTY_BODY = YES;
				CLANG_WARN_ENUM_CONVERSION = YES;
				CLANG_WARN_INFINITE_RECURSION = YES;
				CLANG_WARN_INT_CONVERSION = YES;
				CLANG_WARN_NON_LITERAL_NULL_CONVERSION = YES;
				CLANG_WARN_OBJC_IMPLICIT_RETAIN_SELF = YES;
				CLANG_WARN_OBJC_LITERAL_CONVERSION = YES;
				CLANG_WARN_OBJC_ROOT_CLASS = YES_ERROR;
				CLANG_WARN_QUOTED_INCLUDE_IN_FRAMEWORK_HEADER = YES;
				CLANG_WARN_RANGE_LOOP_ANALYSIS = YES;
				CLANG_WARN_STRICT_PROTOTYPES = YES;
				CLANG_WARN_SUSPICIOUS_MOVE = YES;
				CLANG_WARN_UNGUARDED_AVAILABILITY = YES_AGGRESSIVE;
				CLANG_WARN_UNREACHABLE_CODE = YES;
				CLANG_WARN__DUPLICATE_METHOD_MATCH = YES;
				COPY_PHASE_STRIP = NO;
				DEBUG_INFORMATION_FORMAT = "dwarf-with-dsym";
				ENABLE_NS_ASSERTIONS = NO;
				ENABLE_STRICT_OBJC_MSGSEND = YES;
				GCC_C_LANGUAGE_STANDARD = gnu11;
				GCC_NO_COMMON_BLOCKS = YES;
				GCC_WARN_64_TO_32_BIT_CONVERSION = YES;
				GCC_WARN_ABOUT_RETURN_TYPE = YES_ERROR;
				GCC_WARN_UNDECLARED_SELECTOR = YES;
				GCC_WARN_UNINITIALIZED_AUTOS = YES_AGGRESSIVE;
				GCC_WARN_UNUSED_FUNCTION = YES;
				GCC_WARN_UNUSED_VARIABLE = YES;
				IPHONEOS_DEPLOYMENT_TARGET = 14.4;
				MTL_ENABLE_DEBUG_INFO = NO;
				MTL_FAST_MATH = YES;
				SDKROOT = iphoneos;
				SWIFT_COMPILATION_MODE = wholemodule;
				SWIFT_OPTIMIZATION_LEVEL = "-O";
				VALIDATE_PRODUCT = YES;
			};
			name = Release;
		};
		EB05C0F3273A4704001D0600 /* Debug */ = {
			isa = XCBuildConfiguration;
			buildSettings = {
				ASSETCATALOG_COMPILER_APPICON_NAME = AppIcon;
				ASSETCATALOG_COMPILER_GLOBAL_ACCENT_COLOR_NAME = AccentColor;
				CODE_SIGN_STYLE = Automatic;
				INFOPLIST_FILE = MyHeroApp/Info.plist;
				LD_RUNPATH_SEARCH_PATHS = (
					"$(inherited)",
					"@executable_path/Frameworks",
				);
				PRODUCT_BUNDLE_IDENTIFIER = bella.MyHeroApp;
				PRODUCT_NAME = "$(TARGET_NAME)";
				SWIFT_VERSION = 5.0;
				TARGETED_DEVICE_FAMILY = "1,2";
			};
			name = Debug;
		};
		EB05C0F4273A4704001D0600 /* Release */ = {
			isa = XCBuildConfiguration;
			buildSettings = {
				ASSETCATALOG_COMPILER_APPICON_NAME = AppIcon;
				ASSETCATALOG_COMPILER_GLOBAL_ACCENT_COLOR_NAME = AccentColor;
				CODE_SIGN_STYLE = Automatic;
				INFOPLIST_FILE = MyHeroApp/Info.plist;
				LD_RUNPATH_SEARCH_PATHS = (
					"$(inherited)",
					"@executable_path/Frameworks",
				);
				PRODUCT_BUNDLE_IDENTIFIER = bella.MyHeroApp;
				PRODUCT_NAME = "$(TARGET_NAME)";
				SWIFT_VERSION = 5.0;
				TARGETED_DEVICE_FAMILY = "1,2";
			};
			name = Release;
		};
/* End XCBuildConfiguration section */

/* Begin XCConfigurationList section */
		EB05C0D9273A4701001D0600 /* Build configuration list for PBXProject "MyHeroApp" */ = {
			isa = XCConfigurationList;
			buildConfigurations = (
				EB05C0F0273A4704001D0600 /* Debug */,
				EB05C0F1273A4704001D0600 /* Release */,
			);
			defaultConfigurationIsVisible = 0;
			defaultConfigurationName = Release;
		};
		EB05C0F2273A4704001D0600 /* Build configuration list for PBXNativeTarget "MyHeroApp" */ = {
			isa = XCConfigurationList;
			buildConfigurations = (
				EB05C0F3273A4704001D0600 /* Debug */,
				EB05C0F4273A4704001D0600 /* Release */,
			);
			defaultConfigurationIsVisible = 0;
			defaultConfigurationName = Release;
		};
/* End XCConfigurationList section */
	};
	rootObject = EB05C0D6273A4701001D0600 /* Project object */;
}
